
Microsoft Visual Studio Solution File, Format Version 12.00
# Visual Studio Version 17
VisualStudioVersion = 17.5.33502.453
MinimumVisualStudioVersion = 10.0.40219.1
Project("{8BC9CEB8-8B4A-11D0-8D11-00A0C91BC942}") = "Chap5_Stack", "Chap5_Stack\Chap5_Stack.vcxproj", "{0505848B-7BBF-406D-B19E-5C6C4F6958B2}"
EndProject
Global
	GlobalSection(SolutionConfigurationPlatforms) = preSolution
		Debug|x64 = Debug|x64
		Debug|x86 = Debug|x86
		Release|x64 = Release|x64
		Release|x86 = Release|x86
	EndGlobalSection
	GlobalSection(ProjectConfigurationPlatforms) = postSolution
		{0505848B-7BBF-406D-B19E-5C6C4F6958B2}.Debug|x64.ActiveCfg = Debug|x64
		{0505848B-7BBF-406D-B19E-5C6C4F6958B2}.Debug|x64.Build.0 = Debug|x64
		{0505848B-7BBF-406D-B19E-5C6C4F6958B2}.Debug|x86.ActiveCfg = Debug|Win32
		{0505848B-7BBF-406D-B19E-5C6C4F6958B2}.Debug|x86.Build.0 = Debug|Win32
		{0505848B-7BBF-406D-B19E-5C6C4F6958B2}.Release|x64.ActiveCfg = Release|x64
		{0505848B-7BBF-406D-B19E-5C6C4F6958B2}.Release|x64.Build.0 = Release|x64
		{0505848B-7BBF-406D-B19E-5C6C4F6958B2}.Release|x86.ActiveCfg = Release|Win32
		{0505848B-7BBF-406D-B19E-5C6C4F6958B2}.Release|x86.Build.0 = Release|Win32
	EndGlobalSection
	GlobalSection(SolutionProperties) = preSolution
		HideSolutionNode = FALSE
	EndGlobalSection
	GlobalSection(ExtensibilityGlobals) = postSolution
		SolutionGuid = {25C7D9D5-745C-425E-8E86-B60804825D24}
	EndGlobalSection
EndGlobal
